
Microsoft Visual Studio Solution File, Format Version 12.00
# Visual Studio 2017
Project("{FAE04EC0-301F-11D3-BF4B-00C04F79EFBC}") = "Last Standing", "Last Standing.csproj", "{C05463B8-B8DD-B5A6-78BF-E5261E463891}"
EndProject
Project("{FAE04EC0-301F-11D3-BF4B-00C04F79EFBC}") = "Last Standing.Plugins", "Last Standing.Plugins.csproj", "{02911B39-1441-85E2-DAF9-B687E31AF7A0}"
EndProject
Project("{FAE04EC0-301F-11D3-BF4B-00C04F79EFBC}") = "Last Standing.Editor.Plugins", "Last Standing.Editor.Plugins.csproj", "{DC7C1732-E69F-BEA4-A2BF-39497A97BAC9}"
EndProject
Global
	GlobalSection(SolutionConfigurationPlatforms) = preSolution
		Debug|Any CPU = Debug|Any CPU
		Release|Any CPU = Release|Any CPU
	EndGlobalSection
	GlobalSection(ProjectConfigurationPlatforms) = postSolution
		{C05463B8-B8DD-B5A6-78BF-E5261E463891}.Debug|Any CPU.ActiveCfg = Debug|Any CPU
		{C05463B8-B8DD-B5A6-78BF-E5261E463891}.Debug|Any CPU.Build.0 = Debug|Any CPU
		{C05463B8-B8DD-B5A6-78BF-E5261E463891}.Release|Any CPU.ActiveCfg = Release|Any CPU
		{C05463B8-B8DD-B5A6-78BF-E5261E463891}.Release|Any CPU.Build.0 = Release|Any CPU
		{02911B39-1441-85E2-DAF9-B687E31AF7A0}.Debug|Any CPU.ActiveCfg = Debug|Any CPU
		{02911B39-1441-85E2-DAF9-B687E31AF7A0}.Debug|Any CPU.Build.0 = Debug|Any CPU
		{02911B39-1441-85E2-DAF9-B687E31AF7A0}.Release|Any CPU.ActiveCfg = Release|Any CPU
		{02911B39-1441-85E2-DAF9-B687E31AF7A0}.Release|Any CPU.Build.0 = Release|Any CPU
		{DC7C1732-E69F-BEA4-A2BF-39497A97BAC9}.Debug|Any CPU.ActiveCfg = Debug|Any CPU
		{DC7C1732-E69F-BEA4-A2BF-39497A97BAC9}.Debug|Any CPU.Build.0 = Debug|Any CPU
		{DC7C1732-E69F-BEA4-A2BF-39497A97BAC9}.Release|Any CPU.ActiveCfg = Release|Any CPU
		{DC7C1732-E69F-BEA4-A2BF-39497A97BAC9}.Release|Any CPU.Build.0 = Release|Any CPU
	EndGlobalSection
	GlobalSection(SolutionProperties) = preSolution
		HideSolutionNode = FALSE
	EndGlobalSection
EndGlobal
